
Microsoft Visual Studio Solution File, Format Version 12.00
# Visual Studio 14
VisualStudioVersion = 14.0.25420.1
MinimumVisualStudioVersion = 10.0.40219.1
Project("{FAE04EC0-301F-11D3-BF4B-00C04F79EFBC}") = "Sample-ShadowCopy", "Sample-ShadowCopy\Sample-ShadowCopy.csproj", "{4AEF3478-0778-427F-8956-B76AC5B6F285}"
EndProject
Project("{2150E333-8FDC-42A3-9474-1A3956D46DE8}") = "Sample-NET", "Sample-NET", "{5C20AB26-53FF-4110-A3E8-97CA437F0F57}"
EndProject
Project("{2150E333-8FDC-42A3-9474-1A3956D46DE8}") = "Sample-Python", "Sample-Python", "{D2A868FF-8A71-45E8-8240-38DAD3F616FA}"
EndProject
Project("{2150E333-8FDC-42A3-9474-1A3956D46DE8}") = "ShadowCopy", "ShadowCopy", "{E68F525A-78C0-4E01-8804-27AD48237535}"
EndProject
Project("{FAE04EC0-301F-11D3-BF4B-00C04F79EFBC}") = "ExtendedDLL", "ExtendedDLL\ExtendedDLL.csproj", "{F2FECAA5-433A-42AE-BAA1-4390B8D3CDD2}"
EndProject
Project("{FAE04EC0-301F-11D3-BF4B-00C04F79EFBC}") = "TestConsole", "TestConsole\TestConsole.csproj", "{1CB67EF8-6CEE-4A7F-AE3C-A18D7A9CEBFF}"
EndProject
Project("{2150E333-8FDC-42A3-9474-1A3956D46DE8}") = "Sample-Web", "Sample-Web", "{EC73310F-2767-4C01-AECD-25C58CF53767}"
EndProject
Project("{2150E333-8FDC-42A3-9474-1A3956D46DE8}") = "SocketAsyncEventArgs", "SocketAsyncEventArgs", "{5B665D57-337F-441B-B0C7-A0255A685C40}"
EndProject
Project("{FAE04EC0-301F-11D3-BF4B-00C04F79EFBC}") = "SocketAsyncEventArgsClient", "SocketAsyncEventArgsClient\SocketAsyncEventArgsClient\SocketAsyncEventArgsClient.csproj", "{E729FECD-03A3-4979-9C86-393A4865F3D9}"
EndProject
Project("{FAE04EC0-301F-11D3-BF4B-00C04F79EFBC}") = "SocketAsyncEventArgsServer", "SocketAsyncEventArgsServer\SocketAsyncEventArgsServer.csproj", "{94409610-7CB8-42A6-AC17-3BB42B1BA6AA}"
EndProject
Project("{FAE04EC0-301F-11D3-BF4B-00C04F79EFBC}") = "Helper", "Helper\Helper.csproj", "{7523FE85-294C-451A-B346-EBB9D6689946}"
EndProject
Project("{2150E333-8FDC-42A3-9474-1A3956D46DE8}") = "CSharp", "CSharp", "{C4BFBB00-2B73-413F-9AB5-ED6BFDA2ED47}"
EndProject
Project("{FAE04EC0-301F-11D3-BF4B-00C04F79EFBC}") = "Random", "Random\Random.csproj", "{3BB06F16-52DF-4053-8F71-41D892421804}"
EndProject
Project("{2150E333-8FDC-42A3-9474-1A3956D46DE8}") = "Sample-MongoDB", "Sample-MongoDB", "{EB6CD0AB-87A2-4778-BE46-DD78C190ECC5}"
EndProject
Project("{2150E333-8FDC-42A3-9474-1A3956D46DE8}") = "MongoDBCURDOperations", "MongoDBCURDOperations", "{B3B62778-6355-41E2-B97F-A1B753814370}"
EndProject
Project("{FAE04EC0-301F-11D3-BF4B-00C04F79EFBC}") = "CURD", "CURD\CURD.csproj", "{83504D00-298D-4428-A971-883A6513D558}"
EndProject
Project("{2150E333-8FDC-42A3-9474-1A3956D46DE8}") = "FrameworkDesign", "FrameworkDesign", "{A0507D75-B05B-4605-97C1-482008326C3A}"
EndProject
Project("{FAE04EC0-301F-11D3-BF4B-00C04F79EFBC}") = "ContextPattern", "ContextPattern\ContextPattern.csproj", "{F7C26D29-AFFC-41B8-B3D4-8C61FCBAA24D}"
EndProject
Project("{FAE04EC0-301F-11D3-BF4B-00C04F79EFBC}") = "CSharpExtensionMethodDemo", "CSharpExtensionMethodDemo\CSharpExtensionMethodDemo.csproj", "{49CBC98C-8746-480F-A37A-C562BE0CB219}"
EndProject
Project("{FAE04EC0-301F-11D3-BF4B-00C04F79EFBC}") = "DistributeExtensionPatternDemo", "DistributeExtensionPatternDemo\DistributeExtensionPatternDemo.csproj", "{0457D405-CF37-4CDE-949D-BF3EE49C2564}"
EndProject
Project("{FAE04EC0-301F-11D3-BF4B-00C04F79EFBC}") = "FactoryDesignPatternDemo", "FactoryDesignPatternDemo\FactoryDesignPatternDemo.csproj", "{E87D77AC-A5CD-40B8-B487-070A16AEA9A6}"
EndProject
Project("{FAE04EC0-301F-11D3-BF4B-00C04F79EFBC}") = "FluentProgramPattern", "FluentProgramPattern\FluentProgramPattern.csproj", "{D42E3212-D99D-4C4A-8615-ACC6B168F25B}"
EndProject
Project("{FAE04EC0-301F-11D3-BF4B-00C04F79EFBC}") = "ObserverDesignPatternDemo", "ObserverDesignPatternDemo\ObserverDesignPatternDemo.csproj", "{BAAA541B-307C-427C-98E1-D81FAB2757BD}"
EndProject
Project("{FAE04EC0-301F-11D3-BF4B-00C04F79EFBC}") = "PartialClassAndMethodDemo", "PartialClassAndMethodDemo\PartialClassAndMethodDemo.csproj", "{CBBF3659-6A40-438A-BB5D-DA7E60D37870}"
EndProject
Project("{2150E333-8FDC-42A3-9474-1A3956D46DE8}") = "PassivationPatternDemo", "PassivationPatternDemo", "{B36D5DDE-FF9B-47D5-ABB2-816AE10AEC5E}"
EndProject
Project("{FAE04EC0-301F-11D3-BF4B-00C04F79EFBC}") = "PassivationPatternDemo", "PassivationPatternDemo\PassivationPatternDemo\PassivationPatternDemo.csproj", "{0653541C-E153-49DE-A2E9-7E7A83C7E3EA}"
EndProject
Project("{FAE04EC0-301F-11D3-BF4B-00C04F79EFBC}") = "Common", "PassivationPatternDemo\Common\Common.csproj", "{2BAEB5E6-3587-4E8B-901D-9A6AF8F64B7B}"
EndProject
Project("{FAE04EC0-301F-11D3-BF4B-00C04F79EFBC}") = "PipelinePatternDemo", "PipelinePatternDemo\PipelinePatternDemo.csproj", "{0F83625C-B43B-454C-A1D4-123B8185BA6C}"
EndProject
Project("{FAE04EC0-301F-11D3-BF4B-00C04F79EFBC}") = "ProgramProvidePatternDemo", "ProgramProvidePatternDemo\ProgramProvidePatternDemo.csproj", "{165B9A7E-3A9D-41F7-AECB-627636ECAB6B}"
EndProject
Project("{2150E333-8FDC-42A3-9474-1A3956D46DE8}") = "UnitTestDemo", "UnitTestDemo", "{65CA8818-63EC-4E6A-A3EB-1DF912963C1E}"
EndProject
Project("{FAE04EC0-301F-11D3-BF4B-00C04F79EFBC}") = "UnitTestDemo", "UnitTestDemo\UnitTestDemo\UnitTestDemo.csproj", "{6FC014F6-B1A0-434A-B84D-66041463BA86}"
EndProject
Project("{FAE04EC0-301F-11D3-BF4B-00C04F79EFBC}") = "UnitTestDemoTests", "UnitTestDemo\UnitTestDemoTests\UnitTestDemoTests.csproj", "{A1540DB2-223F-446C-ADAC-5DDF95927A00}"
EndProject
Project("{2150E333-8FDC-42A3-9474-1A3956D46DE8}") = "WinForm", "WinForm", "{67F3D9AD-5017-4EE5-BCA9-5C4D41D49DC3}"
EndProject
Project("{FAE04EC0-301F-11D3-BF4B-00C04F79EFBC}") = "ImageHandler", "ImageHandler\ImageHandler.csproj", "{12296111-43F9-46D6-9BCF-D453E60021A5}"
EndProject
Project("{2150E333-8FDC-42A3-9474-1A3956D46DE8}") = "Sample-Logger", "Sample-Logger", "{91F051EA-33A0-4C4C-B791-1488B73851BF}"
EndProject
Project("{2150E333-8FDC-42A3-9474-1A3956D46DE8}") = "Log4Net", "Log4Net", "{C13A3B45-9AFF-4E72-980A-5359516A9F25}"
EndProject
Project("{FAE04EC0-301F-11D3-BF4B-00C04F79EFBC}") = "FileLogger", "FileLogger\FileLogger.csproj", "{1C5491E9-C774-4045-B766-AEFBB01AB2E7}"
EndProject
Project("{FAE04EC0-301F-11D3-BF4B-00C04F79EFBC}") = "InterfaceInheritance", "InterfaceInheritance\InterfaceInheritance.csproj", "{BE3DDCAB-1FEB-4F4E-9A04-D3FADD838624}"
EndProject
Project("{2150E333-8FDC-42A3-9474-1A3956D46DE8}") = "Sample-T4Template", "Sample-T4Template", "{3F4D0C37-2D2E-43CA-8FEF-6CE30B0620E3}"
EndProject
Project("{FAE04EC0-301F-11D3-BF4B-00C04F79EFBC}") = "T4Demo", "T4Demo\T4Demo.csproj", "{74C456CD-8614-4DC6-8D33-899720D26C65}"
EndProject
Project("{FAE04EC0-301F-11D3-BF4B-00C04F79EFBC}") = "T4GenerateMultiFiles", "T4GenerateMultiFiles\T4GenerateMultiFiles.csproj", "{4E48AFF2-09FA-4D27-BDD5-A56E0FDAF85F}"
EndProject
Project("{2150E333-8FDC-42A3-9474-1A3956D46DE8}") = "DapperDemo", "DapperDemo", "{917D19DE-2C2D-466C-A6F0-CFF029AE072B}"
EndProject
Project("{FAE04EC0-301F-11D3-BF4B-00C04F79EFBC}") = "DapperDemo", "DapperDemo\DapperDemo.csproj", "{3FD8D305-C496-44E2-BC5B-01EFA4EFE07C}"
EndProject
Project("{FAE04EC0-301F-11D3-BF4B-00C04F79EFBC}") = "WebApplication1", "WebApplication1\WebApplication1.csproj", "{046E6172-2DB6-472B-A6A9-3A6C1518A126}"
EndProject
Project("{FAE04EC0-301F-11D3-BF4B-00C04F79EFBC}") = "Hangfire", "Hangfire\Hangfire.csproj", "{CC328FED-CA10-45DC-BE1B-8185CB0FE758}"
EndProject
Project("{FAE04EC0-301F-11D3-BF4B-00C04F79EFBC}") = "Sample_AntiForgeryToken", "Sample_AntiForgeryToken\Sample_AntiForgeryToken.csproj", "{441D5194-0250-4C3E-AC23-E2A4F1FC90A2}"
EndProject
Project("{FAE04EC0-301F-11D3-BF4B-00C04F79EFBC}") = "Sample_AntiForgeryToken.Tests", "Sample_AntiForgeryToken.Tests\Sample_AntiForgeryToken.Tests.csproj", "{9C4738FB-6BF6-4F47-B11B-941DEC593FE3}"
EndProject
Project("{2150E333-8FDC-42A3-9474-1A3956D46DE8}") = "Sample-EntityFramework", "Sample-EntityFramework", "{A635CB05-0E38-49E2-A606-78CEF34683AD}"
EndProject
Project("{FAE04EC0-301F-11D3-BF4B-00C04F79EFBC}") = "TablePerHierarchy", "TablePerHierarchy\TablePerHierarchy.csproj", "{F284C9BB-393A-4999-A087-CD8CF8536F24}"
EndProject
Project("{FAE04EC0-301F-11D3-BF4B-00C04F79EFBC}") = "TablePerType", "TablePerType\TablePerType.csproj", "{C17E1C4A-8D6F-45DB-85B4-A5261C0C23AA}"
EndProject
Project("{FAE04EC0-301F-11D3-BF4B-00C04F79EFBC}") = "TablePerConcreteType", "TablePerConcreteType\TablePerConcreteType.csproj", "{A4507F6A-9401-43A0-B837-FFBA18BA8771}"
EndProject
Project("{FAE04EC0-301F-11D3-BF4B-00C04F79EFBC}") = "WindbgTestProgram", "WindbgTestProgram\WindbgTestProgram.csproj", "{4B9D24B1-ADA0-4E57-A496-67E22FA79CB4}"
EndProject
Project("{2150E333-8FDC-42A3-9474-1A3956D46DE8}") = "Windbg", "Windbg", "{16710C55-B2B5-4025-97EA-E99BCB5DE068}"
EndProject
Project("{FAE04EC0-301F-11D3-BF4B-00C04F79EFBC}") = "ACrashProgram", "ACrashProgram\ACrashProgram.csproj", "{E032602B-63D9-4259-AC90-D04104E9F9F7}"
EndProject
Project("{FAE04EC0-301F-11D3-BF4B-00C04F79EFBC}") = "AHangProgram", "AHangProgram\AHangProgram.csproj", "{302F8518-E22A-44E1-80AB-04E6E4DE0D89}"
EndProject
Project("{FAE04EC0-301F-11D3-BF4B-00C04F79EFBC}") = "ObserverDesignPatternDemo_Event", "ObserverDesignPatternDemo_Event\ObserverDesignPatternDemo_Event.csproj", "{748CF02E-7639-45E2-BB69-EC3819345FAE}"
EndProject
Project("{FAE04EC0-301F-11D3-BF4B-00C04F79EFBC}") = "EventBusPatternDemo", "EventBusPatternDemo\EventBusPatternDemo.csproj", "{9E813138-F58A-4B6C-85D0-42FACE2F79E4}"
EndProject
Project("{FAE04EC0-301F-11D3-BF4B-00C04F79EFBC}") = "FlexibleAOPComponent", "FlexibleAOPComponent\FlexibleAOPComponent.csproj", "{E1A387DE-CE6B-41D9-9A14-79E38F06D7D7}"
EndProject
Project("{2150E333-8FDC-42A3-9474-1A3956D46DE8}") = "Sample-CastleWindsor", "Sample-CastleWindsor", "{0F1BCA28-12CA-42F9-9EBF-263089D02617}"
EndProject
Project("{FAE04EC0-301F-11D3-BF4B-00C04F79EFBC}") = "ExploringCastleWindsor", "ExploringCastleWindsor\ExploringCastleWindsor.csproj", "{EF46FE8C-0F9C-4132-8BD3-5DC5EEC9BE98}"
EndProject
Project("{FAE04EC0-301F-11D3-BF4B-00C04F79EFBC}") = "BMX", "BMX\BMX.csproj", "{56E1D0D1-BB1B-4483-8EF3-7D8BCF173D46}"
EndProject
Project("{FAE04EC0-301F-11D3-BF4B-00C04F79EFBC}") = "EFCodeFirstToAnExistingDatabase", "EFCodeFirstToAnExistingDatabase\EFCodeFirstToAnExistingDatabase.csproj", "{B9F5D4FC-EBC6-4C53-BD3F-3DD31E70598E}"
EndProject
Global
	GlobalSection(SolutionConfigurationPlatforms) = preSolution
		Debug|Any CPU = Debug|Any CPU
		Debug|x64 = Debug|x64
		Debug|x86 = Debug|x86
		Release|Any CPU = Release|Any CPU
		Release|x64 = Release|x64
		Release|x86 = Release|x86
	EndGlobalSection
	GlobalSection(ProjectConfigurationPlatforms) = postSolution
		{4AEF3478-0778-427F-8956-B76AC5B6F285}.Debug|Any CPU.ActiveCfg = Debug|Any CPU
		{4AEF3478-0778-427F-8956-B76AC5B6F285}.Debug|Any CPU.Build.0 = Debug|Any CPU
		{4AEF3478-0778-427F-8956-B76AC5B6F285}.Debug|x64.ActiveCfg = Debug|Any CPU
		{4AEF3478-0778-427F-8956-B76AC5B6F285}.Debug|x64.Build.0 = Debug|Any CPU
		{4AEF3478-0778-427F-8956-B76AC5B6F285}.Debug|x86.ActiveCfg = Debug|Any CPU
		{4AEF3478-0778-427F-8956-B76AC5B6F285}.Debug|x86.Build.0 = Debug|Any CPU
		{4AEF3478-0778-427F-8956-B76AC5B6F285}.Release|Any CPU.ActiveCfg = Release|Any CPU
		{4AEF3478-0778-427F-8956-B76AC5B6F285}.Release|Any CPU.Build.0 = Release|Any CPU
		{4AEF3478-0778-427F-8956-B76AC5B6F285}.Release|x64.ActiveCfg = Release|Any CPU
		{4AEF3478-0778-427F-8956-B76AC5B6F285}.Release|x64.Build.0 = Release|Any CPU
		{4AEF3478-0778-427F-8956-B76AC5B6F285}.Release|x86.ActiveCfg = Release|Any CPU
		{4AEF3478-0778-427F-8956-B76AC5B6F285}.Release|x86.Build.0 = Release|Any CPU
		{F2FECAA5-433A-42AE-BAA1-4390B8D3CDD2}.Debug|Any CPU.ActiveCfg = Debug|Any CPU
		{F2FECAA5-433A-42AE-BAA1-4390B8D3CDD2}.Debug|Any CPU.Build.0 = Debug|Any CPU
		{F2FECAA5-433A-42AE-BAA1-4390B8D3CDD2}.Debug|x64.ActiveCfg = Debug|Any CPU
		{F2FECAA5-433A-42AE-BAA1-4390B8D3CDD2}.Debug|x64.Build.0 = Debug|Any CPU
		{F2FECAA5-433A-42AE-BAA1-4390B8D3CDD2}.Debug|x86.ActiveCfg = Debug|Any CPU
		{F2FECAA5-433A-42AE-BAA1-4390B8D3CDD2}.Debug|x86.Build.0 = Debug|Any CPU
		{F2FECAA5-433A-42AE-BAA1-4390B8D3CDD2}.Release|Any CPU.ActiveCfg = Release|Any CPU
		{F2FECAA5-433A-42AE-BAA1-4390B8D3CDD2}.Release|Any CPU.Build.0 = Release|Any CPU
		{F2FECAA5-433A-42AE-BAA1-4390B8D3CDD2}.Release|x64.ActiveCfg = Release|Any CPU
		{F2FECAA5-433A-42AE-BAA1-4390B8D3CDD2}.Release|x64.Build.0 = Release|Any CPU
		{F2FECAA5-433A-42AE-BAA1-4390B8D3CDD2}.Release|x86.ActiveCfg = Release|Any CPU
		{F2FECAA5-433A-42AE-BAA1-4390B8D3CDD2}.Release|x86.Build.0 = Release|Any CPU
		{1CB67EF8-6CEE-4A7F-AE3C-A18D7A9CEBFF}.Debug|Any CPU.ActiveCfg = Debug|Any CPU
		{1CB67EF8-6CEE-4A7F-AE3C-A18D7A9CEBFF}.Debug|Any CPU.Build.0 = Debug|Any CPU
		{1CB67EF8-6CEE-4A7F-AE3C-A18D7A9CEBFF}.Debug|x64.ActiveCfg = Debug|Any CPU
		{1CB67EF8-6CEE-4A7F-AE3C-A18D7A9CEBFF}.Debug|x64.Build.0 = Debug|Any CPU
		{1CB67EF8-6CEE-4A7F-AE3C-A18D7A9CEBFF}.Debug|x86.ActiveCfg = Debug|Any CPU
		{1CB67EF8-6CEE-4A7F-AE3C-A18D7A9CEBFF}.Debug|x86.Build.0 = Debug|Any CPU
		{1CB67EF8-6CEE-4A7F-AE3C-A18D7A9CEBFF}.Release|Any CPU.ActiveCfg = Release|Any CPU
		{1CB67EF8-6CEE-4A7F-AE3C-A18D7A9CEBFF}.Release|Any CPU.Build.0 = Release|Any CPU
		{1CB67EF8-6CEE-4A7F-AE3C-A18D7A9CEBFF}.Release|x64.ActiveCfg = Release|Any CPU
		{1CB67EF8-6CEE-4A7F-AE3C-A18D7A9CEBFF}.Release|x64.Build.0 = Release|Any CPU
		{1CB67EF8-6CEE-4A7F-AE3C-A18D7A9CEBFF}.Release|x86.ActiveCfg = Release|Any CPU
		{1CB67EF8-6CEE-4A7F-AE3C-A18D7A9CEBFF}.Release|x86.Build.0 = Release|Any CPU
		{E729FECD-03A3-4979-9C86-393A4865F3D9}.Debug|Any CPU.ActiveCfg = Debug|Any CPU
		{E729FECD-03A3-4979-9C86-393A4865F3D9}.Debug|Any CPU.Build.0 = Debug|Any CPU
		{E729FECD-03A3-4979-9C86-393A4865F3D9}.Debug|x64.ActiveCfg = Debug|Any CPU
		{E729FECD-03A3-4979-9C86-393A4865F3D9}.Debug|x64.Build.0 = Debug|Any CPU
		{E729FECD-03A3-4979-9C86-393A4865F3D9}.Debug|x86.ActiveCfg = Debug|Any CPU
		{E729FECD-03A3-4979-9C86-393A4865F3D9}.Debug|x86.Build.0 = Debug|Any CPU
		{E729FECD-03A3-4979-9C86-393A4865F3D9}.Release|Any CPU.ActiveCfg = Release|Any CPU
		{E729FECD-03A3-4979-9C86-393A4865F3D9}.Release|Any CPU.Build.0 = Release|Any CPU
		{E729FECD-03A3-4979-9C86-393A4865F3D9}.Release|x64.ActiveCfg = Release|Any CPU
		{E729FECD-03A3-4979-9C86-393A4865F3D9}.Release|x64.Build.0 = Release|Any CPU
		{E729FECD-03A3-4979-9C86-393A4865F3D9}.Release|x86.ActiveCfg = Release|Any CPU
		{E729FECD-03A3-4979-9C86-393A4865F3D9}.Release|x86.Build.0 = Release|Any CPU
		{94409610-7CB8-42A6-AC17-3BB42B1BA6AA}.Debug|Any CPU.ActiveCfg = Debug|Any CPU
		{94409610-7CB8-42A6-AC17-3BB42B1BA6AA}.Debug|Any CPU.Build.0 = Debug|Any CPU
		{94409610-7CB8-42A6-AC17-3BB42B1BA6AA}.Debug|x64.ActiveCfg = Debug|Any CPU
		{94409610-7CB8-42A6-AC17-3BB42B1BA6AA}.Debug|x64.Build.0 = Debug|Any CPU
		{94409610-7CB8-42A6-AC17-3BB42B1BA6AA}.Debug|x86.ActiveCfg = Debug|Any CPU
		{94409610-7CB8-42A6-AC17-3BB42B1BA6AA}.Debug|x86.Build.0 = Debug|Any CPU
		{94409610-7CB8-42A6-AC17-3BB42B1BA6AA}.Release|Any CPU.ActiveCfg = Release|Any CPU
		{94409610-7CB8-42A6-AC17-3BB42B1BA6AA}.Release|Any CPU.Build.0 = Release|Any CPU
		{94409610-7CB8-42A6-AC17-3BB42B1BA6AA}.Release|x64.ActiveCfg = Release|Any CPU
		{94409610-7CB8-42A6-AC17-3BB42B1BA6AA}.Release|x64.Build.0 = Release|Any CPU
		{94409610-7CB8-42A6-AC17-3BB42B1BA6AA}.Release|x86.ActiveCfg = Release|Any CPU
		{94409610-7CB8-42A6-AC17-3BB42B1BA6AA}.Release|x86.Build.0 = Release|Any CPU
		{7523FE85-294C-451A-B346-EBB9D6689946}.Debug|Any CPU.ActiveCfg = Debug|Any CPU
		{7523FE85-294C-451A-B346-EBB9D6689946}.Debug|Any CPU.Build.0 = Debug|Any CPU
		{7523FE85-294C-451A-B346-EBB9D6689946}.Debug|x64.ActiveCfg = Debug|Any CPU
		{7523FE85-294C-451A-B346-EBB9D6689946}.Debug|x64.Build.0 = Debug|Any CPU
		{7523FE85-294C-451A-B346-EBB9D6689946}.Debug|x86.ActiveCfg = Debug|Any CPU
		{7523FE85-294C-451A-B346-EBB9D6689946}.Debug|x86.Build.0 = Debug|Any CPU
		{7523FE85-294C-451A-B346-EBB9D6689946}.Release|Any CPU.ActiveCfg = Release|Any CPU
		{7523FE85-294C-451A-B346-EBB9D6689946}.Release|Any CPU.Build.0 = Release|Any CPU
		{7523FE85-294C-451A-B346-EBB9D6689946}.Release|x64.ActiveCfg = Release|Any CPU
		{7523FE85-294C-451A-B346-EBB9D6689946}.Release|x64.Build.0 = Release|Any CPU
		{7523FE85-294C-451A-B346-EBB9D6689946}.Release|x86.ActiveCfg = Release|Any CPU
		{7523FE85-294C-451A-B346-EBB9D6689946}.Release|x86.Build.0 = Release|Any CPU
		{3BB06F16-52DF-4053-8F71-41D892421804}.Debug|Any CPU.ActiveCfg = Debug|Any CPU
		{3BB06F16-52DF-4053-8F71-41D892421804}.Debug|Any CPU.Build.0 = Debug|Any CPU
		{3BB06F16-52DF-4053-8F71-41D892421804}.Debug|x64.ActiveCfg = Debug|Any CPU
		{3BB06F16-52DF-4053-8F71-41D892421804}.Debug|x64.Build.0 = Debug|Any CPU
		{3BB06F16-52DF-4053-8F71-41D892421804}.Debug|x86.ActiveCfg = Debug|Any CPU
		{3BB06F16-52DF-4053-8F71-41D892421804}.Debug|x86.Build.0 = Debug|Any CPU
		{3BB06F16-52DF-4053-8F71-41D892421804}.Release|Any CPU.ActiveCfg = Release|Any CPU
		{3BB06F16-52DF-4053-8F71-41D892421804}.Release|Any CPU.Build.0 = Release|Any CPU
		{3BB06F16-52DF-4053-8F71-41D892421804}.Release|x64.ActiveCfg = Release|Any CPU
		{3BB06F16-52DF-4053-8F71-41D892421804}.Release|x64.Build.0 = Release|Any CPU
		{3BB06F16-52DF-4053-8F71-41D892421804}.Release|x86.ActiveCfg = Release|Any CPU
		{3BB06F16-52DF-4053-8F71-41D892421804}.Release|x86.Build.0 = Release|Any CPU
		{83504D00-298D-4428-A971-883A6513D558}.Debug|Any CPU.ActiveCfg = Debug|Any CPU
		{83504D00-298D-4428-A971-883A6513D558}.Debug|Any CPU.Build.0 = Debug|Any CPU
		{83504D00-298D-4428-A971-883A6513D558}.Debug|x64.ActiveCfg = Debug|Any CPU
		{83504D00-298D-4428-A971-883A6513D558}.Debug|x64.Build.0 = Debug|Any CPU
		{83504D00-298D-4428-A971-883A6513D558}.Debug|x86.ActiveCfg = Debug|Any CPU
		{83504D00-298D-4428-A971-883A6513D558}.Debug|x86.Build.0 = Debug|Any CPU
		{83504D00-298D-4428-A971-883A6513D558}.Release|Any CPU.ActiveCfg = Release|Any CPU
		{83504D00-298D-4428-A971-883A6513D558}.Release|Any CPU.Build.0 = Release|Any CPU
		{83504D00-298D-4428-A971-883A6513D558}.Release|x64.ActiveCfg = Release|Any CPU
		{83504D00-298D-4428-A971-883A6513D558}.Release|x64.Build.0 = Release|Any CPU
		{83504D00-298D-4428-A971-883A6513D558}.Release|x86.ActiveCfg = Release|Any CPU
		{83504D00-298D-4428-A971-883A6513D558}.Release|x86.Build.0 = Release|Any CPU
		{F7C26D29-AFFC-41B8-B3D4-8C61FCBAA24D}.Debug|Any CPU.ActiveCfg = Debug|Any CPU
		{F7C26D29-AFFC-41B8-B3D4-8C61FCBAA24D}.Debug|Any CPU.Build.0 = Debug|Any CPU
		{F7C26D29-AFFC-41B8-B3D4-8C61FCBAA24D}.Debug|x64.ActiveCfg = Debug|Any CPU
		{F7C26D29-AFFC-41B8-B3D4-8C61FCBAA24D}.Debug|x64.Build.0 = Debug|Any CPU
		{F7C26D29-AFFC-41B8-B3D4-8C61FCBAA24D}.Debug|x86.ActiveCfg = Debug|Any CPU
		{F7C26D29-AFFC-41B8-B3D4-8C61FCBAA24D}.Debug|x86.Build.0 = Debug|Any CPU
		{F7C26D29-AFFC-41B8-B3D4-8C61FCBAA24D}.Release|Any CPU.ActiveCfg = Release|Any CPU
		{F7C26D29-AFFC-41B8-B3D4-8C61FCBAA24D}.Release|Any CPU.Build.0 = Release|Any CPU
		{F7C26D29-AFFC-41B8-B3D4-8C61FCBAA24D}.Release|x64.ActiveCfg = Release|Any CPU
		{F7C26D29-AFFC-41B8-B3D4-8C61FCBAA24D}.Release|x64.Build.0 = Release|Any CPU
		{F7C26D29-AFFC-41B8-B3D4-8C61FCBAA24D}.Release|x86.ActiveCfg = Release|Any CPU
		{F7C26D29-AFFC-41B8-B3D4-8C61FCBAA24D}.Release|x86.Build.0 = Release|Any CPU
		{49CBC98C-8746-480F-A37A-C562BE0CB219}.Debug|Any CPU.ActiveCfg = Debug|Any CPU
		{49CBC98C-8746-480F-A37A-C562BE0CB219}.Debug|Any CPU.Build.0 = Debug|Any CPU
		{49CBC98C-8746-480F-A37A-C562BE0CB219}.Debug|x64.ActiveCfg = Debug|Any CPU
		{49CBC98C-8746-480F-A37A-C562BE0CB219}.Debug|x64.Build.0 = Debug|Any CPU
		{49CBC98C-8746-480F-A37A-C562BE0CB219}.Debug|x86.ActiveCfg = Debug|Any CPU
		{49CBC98C-8746-480F-A37A-C562BE0CB219}.Debug|x86.Build.0 = Debug|Any CPU
		{49CBC98C-8746-480F-A37A-C562BE0CB219}.Release|Any CPU.ActiveCfg = Release|Any CPU
		{49CBC98C-8746-480F-A37A-C562BE0CB219}.Release|Any CPU.Build.0 = Release|Any CPU
		{49CBC98C-8746-480F-A37A-C562BE0CB219}.Release|x64.ActiveCfg = Release|Any CPU
		{49CBC98C-8746-480F-A37A-C562BE0CB219}.Release|x64.Build.0 = Release|Any CPU
		{49CBC98C-8746-480F-A37A-C562BE0CB219}.Release|x86.ActiveCfg = Release|Any CPU
		{49CBC98C-8746-480F-A37A-C562BE0CB219}.Release|x86.Build.0 = Release|Any CPU
		{0457D405-CF37-4CDE-949D-BF3EE49C2564}.Debug|Any CPU.ActiveCfg = Debug|Any CPU
		{0457D405-CF37-4CDE-949D-BF3EE49C2564}.Debug|Any CPU.Build.0 = Debug|Any CPU
		{0457D405-CF37-4CDE-949D-BF3EE49C2564}.Debug|x64.ActiveCfg = Debug|Any CPU
		{0457D405-CF37-4CDE-949D-BF3EE49C2564}.Debug|x64.Build.0 = Debug|Any CPU
		{0457D405-CF37-4CDE-949D-BF3EE49C2564}.Debug|x86.ActiveCfg = Debug|Any CPU
		{0457D405-CF37-4CDE-949D-BF3EE49C2564}.Debug|x86.Build.0 = Debug|Any CPU
		{0457D405-CF37-4CDE-949D-BF3EE49C2564}.Release|Any CPU.ActiveCfg = Release|Any CPU
		{0457D405-CF37-4CDE-949D-BF3EE49C2564}.Release|Any CPU.Build.0 = Release|Any CPU
		{0457D405-CF37-4CDE-949D-BF3EE49C2564}.Release|x64.ActiveCfg = Release|Any CPU
		{0457D405-CF37-4CDE-949D-BF3EE49C2564}.Release|x64.Build.0 = Release|Any CPU
		{0457D405-CF37-4CDE-949D-BF3EE49C2564}.Release|x86.ActiveCfg = Release|Any CPU
		{0457D405-CF37-4CDE-949D-BF3EE49C2564}.Release|x86.Build.0 = Release|Any CPU
		{E87D77AC-A5CD-40B8-B487-070A16AEA9A6}.Debug|Any CPU.ActiveCfg = Debug|Any CPU
		{E87D77AC-A5CD-40B8-B487-070A16AEA9A6}.Debug|Any CPU.Build.0 = Debug|Any CPU
		{E87D77AC-A5CD-40B8-B487-070A16AEA9A6}.Debug|x64.ActiveCfg = Debug|Any CPU
		{E87D77AC-A5CD-40B8-B487-070A16AEA9A6}.Debug|x64.Build.0 = Debug|Any CPU
		{E87D77AC-A5CD-40B8-B487-070A16AEA9A6}.Debug|x86.ActiveCfg = Debug|Any CPU
		{E87D77AC-A5CD-40B8-B487-070A16AEA9A6}.Debug|x86.Build.0 = Debug|Any CPU
		{E87D77AC-A5CD-40B8-B487-070A16AEA9A6}.Release|Any CPU.ActiveCfg = Release|Any CPU
		{E87D77AC-A5CD-40B8-B487-070A16AEA9A6}.Release|Any CPU.Build.0 = Release|Any CPU
		{E87D77AC-A5CD-40B8-B487-070A16AEA9A6}.Release|x64.ActiveCfg = Release|Any CPU
		{E87D77AC-A5CD-40B8-B487-070A16AEA9A6}.Release|x64.Build.0 = Release|Any CPU
		{E87D77AC-A5CD-40B8-B487-070A16AEA9A6}.Release|x86.ActiveCfg = Release|Any CPU
		{E87D77AC-A5CD-40B8-B487-070A16AEA9A6}.Release|x86.Build.0 = Release|Any CPU
		{D42E3212-D99D-4C4A-8615-ACC6B168F25B}.Debug|Any CPU.ActiveCfg = Debug|Any CPU
		{D42E3212-D99D-4C4A-8615-ACC6B168F25B}.Debug|Any CPU.Build.0 = Debug|Any CPU
		{D42E3212-D99D-4C4A-8615-ACC6B168F25B}.Debug|x64.ActiveCfg = Debug|Any CPU
		{D42E3212-D99D-4C4A-8615-ACC6B168F25B}.Debug|x64.Build.0 = Debug|Any CPU
		{D42E3212-D99D-4C4A-8615-ACC6B168F25B}.Debug|x86.ActiveCfg = Debug|Any CPU
		{D42E3212-D99D-4C4A-8615-ACC6B168F25B}.Debug|x86.Build.0 = Debug|Any CPU
		{D42E3212-D99D-4C4A-8615-ACC6B168F25B}.Release|Any CPU.ActiveCfg = Release|Any CPU
		{D42E3212-D99D-4C4A-8615-ACC6B168F25B}.Release|Any CPU.Build.0 = Release|Any CPU
		{D42E3212-D99D-4C4A-8615-ACC6B168F25B}.Release|x64.ActiveCfg = Release|Any CPU
		{D42E3212-D99D-4C4A-8615-ACC6B168F25B}.Release|x64.Build.0 = Release|Any CPU
		{D42E3212-D99D-4C4A-8615-ACC6B168F25B}.Release|x86.ActiveCfg = Release|Any CPU
		{D42E3212-D99D-4C4A-8615-ACC6B168F25B}.Release|x86.Build.0 = Release|Any CPU
		{BAAA541B-307C-427C-98E1-D81FAB2757BD}.Debug|Any CPU.ActiveCfg = Debug|Any CPU
		{BAAA541B-307C-427C-98E1-D81FAB2757BD}.Debug|Any CPU.Build.0 = Debug|Any CPU
		{BAAA541B-307C-427C-98E1-D81FAB2757BD}.Debug|x64.ActiveCfg = Debug|Any CPU
		{BAAA541B-307C-427C-98E1-D81FAB2757BD}.Debug|x64.Build.0 = Debug|Any CPU
		{BAAA541B-307C-427C-98E1-D81FAB2757BD}.Debug|x86.ActiveCfg = Debug|Any CPU
		{BAAA541B-307C-427C-98E1-D81FAB2757BD}.Debug|x86.Build.0 = Debug|Any CPU
		{BAAA541B-307C-427C-98E1-D81FAB2757BD}.Release|Any CPU.ActiveCfg = Release|Any CPU
		{BAAA541B-307C-427C-98E1-D81FAB2757BD}.Release|Any CPU.Build.0 = Release|Any CPU
		{BAAA541B-307C-427C-98E1-D81FAB2757BD}.Release|x64.ActiveCfg = Release|Any CPU
		{BAAA541B-307C-427C-98E1-D81FAB2757BD}.Release|x64.Build.0 = Release|Any CPU
		{BAAA541B-307C-427C-98E1-D81FAB2757BD}.Release|x86.ActiveCfg = Release|Any CPU
		{BAAA541B-307C-427C-98E1-D81FAB2757BD}.Release|x86.Build.0 = Release|Any CPU
		{CBBF3659-6A40-438A-BB5D-DA7E60D37870}.Debug|Any CPU.ActiveCfg = Debug|Any CPU
		{CBBF3659-6A40-438A-BB5D-DA7E60D37870}.Debug|Any CPU.Build.0 = Debug|Any CPU
		{CBBF3659-6A40-438A-BB5D-DA7E60D37870}.Debug|x64.ActiveCfg = Debug|Any CPU
		{CBBF3659-6A40-438A-BB5D-DA7E60D37870}.Debug|x64.Build.0 = Debug|Any CPU
		{CBBF3659-6A40-438A-BB5D-DA7E60D37870}.Debug|x86.ActiveCfg = Debug|Any CPU
		{CBBF3659-6A40-438A-BB5D-DA7E60D37870}.Debug|x86.Build.0 = Debug|Any CPU
		{CBBF3659-6A40-438A-BB5D-DA7E60D37870}.Release|Any CPU.ActiveCfg = Release|Any CPU
		{CBBF3659-6A40-438A-BB5D-DA7E60D37870}.Release|Any CPU.Build.0 = Release|Any CPU
		{CBBF3659-6A40-438A-BB5D-DA7E60D37870}.Release|x64.ActiveCfg = Release|Any CPU
		{CBBF3659-6A40-438A-BB5D-DA7E60D37870}.Release|x64.Build.0 = Release|Any CPU
		{CBBF3659-6A40-438A-BB5D-DA7E60D37870}.Release|x86.ActiveCfg = Release|Any CPU
		{CBBF3659-6A40-438A-BB5D-DA7E60D37870}.Release|x86.Build.0 = Release|Any CPU
		{0653541C-E153-49DE-A2E9-7E7A83C7E3EA}.Debug|Any CPU.ActiveCfg = Debug|Any CPU
		{0653541C-E153-49DE-A2E9-7E7A83C7E3EA}.Debug|Any CPU.Build.0 = Debug|Any CPU
		{0653541C-E153-49DE-A2E9-7E7A83C7E3EA}.Debug|x64.ActiveCfg = Debug|Any CPU
		{0653541C-E153-49DE-A2E9-7E7A83C7E3EA}.Debug|x64.Build.0 = Debug|Any CPU
		{0653541C-E153-49DE-A2E9-7E7A83C7E3EA}.Debug|x86.ActiveCfg = Debug|Any CPU
		{0653541C-E153-49DE-A2E9-7E7A83C7E3EA}.Debug|x86.Build.0 = Debug|Any CPU
		{0653541C-E153-49DE-A2E9-7E7A83C7E3EA}.Release|Any CPU.ActiveCfg = Release|Any CPU
		{0653541C-E153-49DE-A2E9-7E7A83C7E3EA}.Release|Any CPU.Build.0 = Release|Any CPU
		{0653541C-E153-49DE-A2E9-7E7A83C7E3EA}.Release|x64.ActiveCfg = Release|Any CPU
		{0653541C-E153-49DE-A2E9-7E7A83C7E3EA}.Release|x64.Build.0 = Release|Any CPU
		{0653541C-E153-49DE-A2E9-7E7A83C7E3EA}.Release|x86.ActiveCfg = Release|Any CPU
		{0653541C-E153-49DE-A2E9-7E7A83C7E3EA}.Release|x86.Build.0 = Release|Any CPU
		{2BAEB5E6-3587-4E8B-901D-9A6AF8F64B7B}.Debug|Any CPU.ActiveCfg = Debug|Any CPU
		{2BAEB5E6-3587-4E8B-901D-9A6AF8F64B7B}.Debug|Any CPU.Build.0 = Debug|Any CPU
		{2BAEB5E6-3587-4E8B-901D-9A6AF8F64B7B}.Debug|x64.ActiveCfg = Debug|Any CPU
		{2BAEB5E6-3587-4E8B-901D-9A6AF8F64B7B}.Debug|x64.Build.0 = Debug|Any CPU
		{2BAEB5E6-3587-4E8B-901D-9A6AF8F64B7B}.Debug|x86.ActiveCfg = Debug|Any CPU
		{2BAEB5E6-3587-4E8B-901D-9A6AF8F64B7B}.Debug|x86.Build.0 = Debug|Any CPU
		{2BAEB5E6-3587-4E8B-901D-9A6AF8F64B7B}.Release|Any CPU.ActiveCfg = Release|Any CPU
		{2BAEB5E6-3587-4E8B-901D-9A6AF8F64B7B}.Release|Any CPU.Build.0 = Release|Any CPU
		{2BAEB5E6-3587-4E8B-901D-9A6AF8F64B7B}.Release|x64.ActiveCfg = Release|Any CPU
		{2BAEB5E6-3587-4E8B-901D-9A6AF8F64B7B}.Release|x64.Build.0 = Release|Any CPU
		{2BAEB5E6-3587-4E8B-901D-9A6AF8F64B7B}.Release|x86.ActiveCfg = Release|Any CPU
		{2BAEB5E6-3587-4E8B-901D-9A6AF8F64B7B}.Release|x86.Build.0 = Release|Any CPU
		{0F83625C-B43B-454C-A1D4-123B8185BA6C}.Debug|Any CPU.ActiveCfg = Debug|Any CPU
		{0F83625C-B43B-454C-A1D4-123B8185BA6C}.Debug|Any CPU.Build.0 = Debug|Any CPU
		{0F83625C-B43B-454C-A1D4-123B8185BA6C}.Debug|x64.ActiveCfg = Debug|Any CPU
		{0F83625C-B43B-454C-A1D4-123B8185BA6C}.Debug|x64.Build.0 = Debug|Any CPU
		{0F83625C-B43B-454C-A1D4-123B8185BA6C}.Debug|x86.ActiveCfg = Debug|Any CPU
		{0F83625C-B43B-454C-A1D4-123B8185BA6C}.Debug|x86.Build.0 = Debug|Any CPU
		{0F83625C-B43B-454C-A1D4-123B8185BA6C}.Release|Any CPU.ActiveCfg = Release|Any CPU
		{0F83625C-B43B-454C-A1D4-123B8185BA6C}.Release|Any CPU.Build.0 = Release|Any CPU
		{0F83625C-B43B-454C-A1D4-123B8185BA6C}.Release|x64.ActiveCfg = Release|Any CPU
		{0F83625C-B43B-454C-A1D4-123B8185BA6C}.Release|x64.Build.0 = Release|Any CPU
		{0F83625C-B43B-454C-A1D4-123B8185BA6C}.Release|x86.ActiveCfg = Release|Any CPU
		{0F83625C-B43B-454C-A1D4-123B8185BA6C}.Release|x86.Build.0 = Release|Any CPU
		{165B9A7E-3A9D-41F7-AECB-627636ECAB6B}.Debug|Any CPU.ActiveCfg = Debug|Any CPU
		{165B9A7E-3A9D-41F7-AECB-627636ECAB6B}.Debug|Any CPU.Build.0 = Debug|Any CPU
		{165B9A7E-3A9D-41F7-AECB-627636ECAB6B}.Debug|x64.ActiveCfg = Debug|Any CPU
		{165B9A7E-3A9D-41F7-AECB-627636ECAB6B}.Debug|x64.Build.0 = Debug|Any CPU
		{165B9A7E-3A9D-41F7-AECB-627636ECAB6B}.Debug|x86.ActiveCfg = Debug|Any CPU
		{165B9A7E-3A9D-41F7-AECB-627636ECAB6B}.Debug|x86.Build.0 = Debug|Any CPU
		{165B9A7E-3A9D-41F7-AECB-627636ECAB6B}.Release|Any CPU.ActiveCfg = Release|Any CPU
		{165B9A7E-3A9D-41F7-AECB-627636ECAB6B}.Release|Any CPU.Build.0 = Release|Any CPU
		{165B9A7E-3A9D-41F7-AECB-627636ECAB6B}.Release|x64.ActiveCfg = Release|Any CPU
		{165B9A7E-3A9D-41F7-AECB-627636ECAB6B}.Release|x64.Build.0 = Release|Any CPU
		{165B9A7E-3A9D-41F7-AECB-627636ECAB6B}.Release|x86.ActiveCfg = Release|Any CPU
		{165B9A7E-3A9D-41F7-AECB-627636ECAB6B}.Release|x86.Build.0 = Release|Any CPU
		{6FC014F6-B1A0-434A-B84D-66041463BA86}.Debug|Any CPU.ActiveCfg = Debug|Any CPU
		{6FC014F6-B1A0-434A-B84D-66041463BA86}.Debug|Any CPU.Build.0 = Debug|Any CPU
		{6FC014F6-B1A0-434A-B84D-66041463BA86}.Debug|x64.ActiveCfg = Debug|Any CPU
		{6FC014F6-B1A0-434A-B84D-66041463BA86}.Debug|x64.Build.0 = Debug|Any CPU
		{6FC014F6-B1A0-434A-B84D-66041463BA86}.Debug|x86.ActiveCfg = Debug|Any CPU
		{6FC014F6-B1A0-434A-B84D-66041463BA86}.Debug|x86.Build.0 = Debug|Any CPU
		{6FC014F6-B1A0-434A-B84D-66041463BA86}.Release|Any CPU.ActiveCfg = Release|Any CPU
		{6FC014F6-B1A0-434A-B84D-66041463BA86}.Release|Any CPU.Build.0 = Release|Any CPU
		{6FC014F6-B1A0-434A-B84D-66041463BA86}.Release|x64.ActiveCfg = Release|Any CPU
		{6FC014F6-B1A0-434A-B84D-66041463BA86}.Release|x64.Build.0 = Release|Any CPU
		{6FC014F6-B1A0-434A-B84D-66041463BA86}.Release|x86.ActiveCfg = Release|Any CPU
		{6FC014F6-B1A0-434A-B84D-66041463BA86}.Release|x86.Build.0 = Release|Any CPU
		{A1540DB2-223F-446C-ADAC-5DDF95927A00}.Debug|Any CPU.ActiveCfg = Debug|Any CPU
		{A1540DB2-223F-446C-ADAC-5DDF95927A00}.Debug|Any CPU.Build.0 = Debug|Any CPU
		{A1540DB2-223F-446C-ADAC-5DDF95927A00}.Debug|x64.ActiveCfg = Debug|Any CPU
		{A1540DB2-223F-446C-ADAC-5DDF95927A00}.Debug|x64.Build.0 = Debug|Any CPU
		{A1540DB2-223F-446C-ADAC-5DDF95927A00}.Debug|x86.ActiveCfg = Debug|Any CPU
		{A1540DB2-223F-446C-ADAC-5DDF95927A00}.Debug|x86.Build.0 = Debug|Any CPU
		{A1540DB2-223F-446C-ADAC-5DDF95927A00}.Release|Any CPU.ActiveCfg = Release|Any CPU
		{A1540DB2-223F-446C-ADAC-5DDF95927A00}.Release|Any CPU.Build.0 = Release|Any CPU
		{A1540DB2-223F-446C-ADAC-5DDF95927A00}.Release|x64.ActiveCfg = Release|Any CPU
		{A1540DB2-223F-446C-ADAC-5DDF95927A00}.Release|x64.Build.0 = Release|Any CPU
		{A1540DB2-223F-446C-ADAC-5DDF95927A00}.Release|x86.ActiveCfg = Release|Any CPU
		{A1540DB2-223F-446C-ADAC-5DDF95927A00}.Release|x86.Build.0 = Release|Any CPU
		{12296111-43F9-46D6-9BCF-D453E60021A5}.Debug|Any CPU.ActiveCfg = Debug|Any CPU
		{12296111-43F9-46D6-9BCF-D453E60021A5}.Debug|Any CPU.Build.0 = Debug|Any CPU
		{12296111-43F9-46D6-9BCF-D453E60021A5}.Debug|x64.ActiveCfg = Debug|Any CPU
		{12296111-43F9-46D6-9BCF-D453E60021A5}.Debug|x64.Build.0 = Debug|Any CPU
		{12296111-43F9-46D6-9BCF-D453E60021A5}.Debug|x86.ActiveCfg = Debug|Any CPU
		{12296111-43F9-46D6-9BCF-D453E60021A5}.Debug|x86.Build.0 = Debug|Any CPU
		{12296111-43F9-46D6-9BCF-D453E60021A5}.Release|Any CPU.ActiveCfg = Release|Any CPU
		{12296111-43F9-46D6-9BCF-D453E60021A5}.Release|Any CPU.Build.0 = Release|Any CPU
		{12296111-43F9-46D6-9BCF-D453E60021A5}.Release|x64.ActiveCfg = Release|Any CPU
		{12296111-43F9-46D6-9BCF-D453E60021A5}.Release|x64.Build.0 = Release|Any CPU
		{12296111-43F9-46D6-9BCF-D453E60021A5}.Release|x86.ActiveCfg = Release|Any CPU
		{12296111-43F9-46D6-9BCF-D453E60021A5}.Release|x86.Build.0 = Release|Any CPU
		{1C5491E9-C774-4045-B766-AEFBB01AB2E7}.Debug|Any CPU.ActiveCfg = Debug|Any CPU
		{1C5491E9-C774-4045-B766-AEFBB01AB2E7}.Debug|Any CPU.Build.0 = Debug|Any CPU
		{1C5491E9-C774-4045-B766-AEFBB01AB2E7}.Debug|x64.ActiveCfg = Debug|Any CPU
		{1C5491E9-C774-4045-B766-AEFBB01AB2E7}.Debug|x64.Build.0 = Debug|Any CPU
		{1C5491E9-C774-4045-B766-AEFBB01AB2E7}.Debug|x86.ActiveCfg = Debug|Any CPU
		{1C5491E9-C774-4045-B766-AEFBB01AB2E7}.Debug|x86.Build.0 = Debug|Any CPU
		{1C5491E9-C774-4045-B766-AEFBB01AB2E7}.Release|Any CPU.ActiveCfg = Release|Any CPU
		{1C5491E9-C774-4045-B766-AEFBB01AB2E7}.Release|Any CPU.Build.0 = Release|Any CPU
		{1C5491E9-C774-4045-B766-AEFBB01AB2E7}.Release|x64.ActiveCfg = Release|Any CPU
		{1C5491E9-C774-4045-B766-AEFBB01AB2E7}.Release|x64.Build.0 = Release|Any CPU
		{1C5491E9-C774-4045-B766-AEFBB01AB2E7}.Release|x86.ActiveCfg = Release|Any CPU
		{1C5491E9-C774-4045-B766-AEFBB01AB2E7}.Release|x86.Build.0 = Release|Any CPU
		{BE3DDCAB-1FEB-4F4E-9A04-D3FADD838624}.Debug|Any CPU.ActiveCfg = Debug|Any CPU
		{BE3DDCAB-1FEB-4F4E-9A04-D3FADD838624}.Debug|Any CPU.Build.0 = Debug|Any CPU
		{BE3DDCAB-1FEB-4F4E-9A04-D3FADD838624}.Debug|x64.ActiveCfg = Debug|Any CPU
		{BE3DDCAB-1FEB-4F4E-9A04-D3FADD838624}.Debug|x64.Build.0 = Debug|Any CPU
		{BE3DDCAB-1FEB-4F4E-9A04-D3FADD838624}.Debug|x86.ActiveCfg = Debug|Any CPU
		{BE3DDCAB-1FEB-4F4E-9A04-D3FADD838624}.Debug|x86.Build.0 = Debug|Any CPU
		{BE3DDCAB-1FEB-4F4E-9A04-D3FADD838624}.Release|Any CPU.ActiveCfg = Release|Any CPU
		{BE3DDCAB-1FEB-4F4E-9A04-D3FADD838624}.Release|Any CPU.Build.0 = Release|Any CPU
		{BE3DDCAB-1FEB-4F4E-9A04-D3FADD838624}.Release|x64.ActiveCfg = Release|Any CPU
		{BE3DDCAB-1FEB-4F4E-9A04-D3FADD838624}.Release|x64.Build.0 = Release|Any CPU
		{BE3DDCAB-1FEB-4F4E-9A04-D3FADD838624}.Release|x86.ActiveCfg = Release|Any CPU
		{BE3DDCAB-1FEB-4F4E-9A04-D3FADD838624}.Release|x86.Build.0 = Release|Any CPU
		{74C456CD-8614-4DC6-8D33-899720D26C65}.Debug|Any CPU.ActiveCfg = Debug|Any CPU
		{74C456CD-8614-4DC6-8D33-899720D26C65}.Debug|Any CPU.Build.0 = Debug|Any CPU
		{74C456CD-8614-4DC6-8D33-899720D26C65}.Debug|x64.ActiveCfg = Debug|Any CPU
		{74C456CD-8614-4DC6-8D33-899720D26C65}.Debug|x64.Build.0 = Debug|Any CPU
		{74C456CD-8614-4DC6-8D33-899720D26C65}.Debug|x86.ActiveCfg = Debug|Any CPU
		{74C456CD-8614-4DC6-8D33-899720D26C65}.Debug|x86.Build.0 = Debug|Any CPU
		{74C456CD-8614-4DC6-8D33-899720D26C65}.Release|Any CPU.ActiveCfg = Release|Any CPU
		{74C456CD-8614-4DC6-8D33-899720D26C65}.Release|Any CPU.Build.0 = Release|Any CPU
		{74C456CD-8614-4DC6-8D33-899720D26C65}.Release|x64.ActiveCfg = Release|Any CPU
		{74C456CD-8614-4DC6-8D33-899720D26C65}.Release|x64.Build.0 = Release|Any CPU
		{74C456CD-8614-4DC6-8D33-899720D26C65}.Release|x86.ActiveCfg = Release|Any CPU
		{74C456CD-8614-4DC6-8D33-899720D26C65}.Release|x86.Build.0 = Release|Any CPU
		{4E48AFF2-09FA-4D27-BDD5-A56E0FDAF85F}.Debug|Any CPU.ActiveCfg = Debug|Any CPU
		{4E48AFF2-09FA-4D27-BDD5-A56E0FDAF85F}.Debug|Any CPU.Build.0 = Debug|Any CPU
		{4E48AFF2-09FA-4D27-BDD5-A56E0FDAF85F}.Debug|x64.ActiveCfg = Debug|Any CPU
		{4E48AFF2-09FA-4D27-BDD5-A56E0FDAF85F}.Debug|x64.Build.0 = Debug|Any CPU
		{4E48AFF2-09FA-4D27-BDD5-A56E0FDAF85F}.Debug|x86.ActiveCfg = Debug|Any CPU
		{4E48AFF2-09FA-4D27-BDD5-A56E0FDAF85F}.Debug|x86.Build.0 = Debug|Any CPU
		{4E48AFF2-09FA-4D27-BDD5-A56E0FDAF85F}.Release|Any CPU.ActiveCfg = Release|Any CPU
		{4E48AFF2-09FA-4D27-BDD5-A56E0FDAF85F}.Release|Any CPU.Build.0 = Release|Any CPU
		{4E48AFF2-09FA-4D27-BDD5-A56E0FDAF85F}.Release|x64.ActiveCfg = Release|Any CPU
		{4E48AFF2-09FA-4D27-BDD5-A56E0FDAF85F}.Release|x64.Build.0 = Release|Any CPU
		{4E48AFF2-09FA-4D27-BDD5-A56E0FDAF85F}.Release|x86.ActiveCfg = Release|Any CPU
		{4E48AFF2-09FA-4D27-BDD5-A56E0FDAF85F}.Release|x86.Build.0 = Release|Any CPU
		{3FD8D305-C496-44E2-BC5B-01EFA4EFE07C}.Debug|Any CPU.ActiveCfg = Debug|Any CPU
		{3FD8D305-C496-44E2-BC5B-01EFA4EFE07C}.Debug|Any CPU.Build.0 = Debug|Any CPU
		{3FD8D305-C496-44E2-BC5B-01EFA4EFE07C}.Debug|x64.ActiveCfg = Debug|Any CPU
		{3FD8D305-C496-44E2-BC5B-01EFA4EFE07C}.Debug|x64.Build.0 = Debug|Any CPU
		{3FD8D305-C496-44E2-BC5B-01EFA4EFE07C}.Debug|x86.ActiveCfg = Debug|Any CPU
		{3FD8D305-C496-44E2-BC5B-01EFA4EFE07C}.Debug|x86.Build.0 = Debug|Any CPU
		{3FD8D305-C496-44E2-BC5B-01EFA4EFE07C}.Release|Any CPU.ActiveCfg = Release|Any CPU
		{3FD8D305-C496-44E2-BC5B-01EFA4EFE07C}.Release|Any CPU.Build.0 = Release|Any CPU
		{3FD8D305-C496-44E2-BC5B-01EFA4EFE07C}.Release|x64.ActiveCfg = Release|Any CPU
		{3FD8D305-C496-44E2-BC5B-01EFA4EFE07C}.Release|x64.Build.0 = Release|Any CPU
		{3FD8D305-C496-44E2-BC5B-01EFA4EFE07C}.Release|x86.ActiveCfg = Release|Any CPU
		{3FD8D305-C496-44E2-BC5B-01EFA4EFE07C}.Release|x86.Build.0 = Release|Any CPU
		{046E6172-2DB6-472B-A6A9-3A6C1518A126}.Debug|Any CPU.ActiveCfg = Debug|Any CPU
		{046E6172-2DB6-472B-A6A9-3A6C1518A126}.Debug|Any CPU.Build.0 = Debug|Any CPU
		{046E6172-2DB6-472B-A6A9-3A6C1518A126}.Debug|x64.ActiveCfg = Debug|Any CPU
		{046E6172-2DB6-472B-A6A9-3A6C1518A126}.Debug|x64.Build.0 = Debug|Any CPU
		{046E6172-2DB6-472B-A6A9-3A6C1518A126}.Debug|x86.ActiveCfg = Debug|Any CPU
		{046E6172-2DB6-472B-A6A9-3A6C1518A126}.Debug|x86.Build.0 = Debug|Any CPU
		{046E6172-2DB6-472B-A6A9-3A6C1518A126}.Release|Any CPU.ActiveCfg = Release|Any CPU
		{046E6172-2DB6-472B-A6A9-3A6C1518A126}.Release|Any CPU.Build.0 = Release|Any CPU
		{046E6172-2DB6-472B-A6A9-3A6C1518A126}.Release|x64.ActiveCfg = Release|Any CPU
		{046E6172-2DB6-472B-A6A9-3A6C1518A126}.Release|x64.Build.0 = Release|Any CPU
		{046E6172-2DB6-472B-A6A9-3A6C1518A126}.Release|x86.ActiveCfg = Release|Any CPU
		{046E6172-2DB6-472B-A6A9-3A6C1518A126}.Release|x86.Build.0 = Release|Any CPU
		{CC328FED-CA10-45DC-BE1B-8185CB0FE758}.Debug|Any CPU.ActiveCfg = Debug|Any CPU
		{CC328FED-CA10-45DC-BE1B-8185CB0FE758}.Debug|Any CPU.Build.0 = Debug|Any CPU
		{CC328FED-CA10-45DC-BE1B-8185CB0FE758}.Debug|x64.ActiveCfg = Debug|Any CPU
		{CC328FED-CA10-45DC-BE1B-8185CB0FE758}.Debug|x64.Build.0 = Debug|Any CPU
		{CC328FED-CA10-45DC-BE1B-8185CB0FE758}.Debug|x86.ActiveCfg = Debug|Any CPU
		{CC328FED-CA10-45DC-BE1B-8185CB0FE758}.Debug|x86.Build.0 = Debug|Any CPU
		{CC328FED-CA10-45DC-BE1B-8185CB0FE758}.Release|Any CPU.ActiveCfg = Release|Any CPU
		{CC328FED-CA10-45DC-BE1B-8185CB0FE758}.Release|Any CPU.Build.0 = Release|Any CPU
		{CC328FED-CA10-45DC-BE1B-8185CB0FE758}.Release|x64.ActiveCfg = Release|Any CPU
		{CC328FED-CA10-45DC-BE1B-8185CB0FE758}.Release|x64.Build.0 = Release|Any CPU
		{CC328FED-CA10-45DC-BE1B-8185CB0FE758}.Release|x86.ActiveCfg = Release|Any CPU
		{CC328FED-CA10-45DC-BE1B-8185CB0FE758}.Release|x86.Build.0 = Release|Any CPU
		{441D5194-0250-4C3E-AC23-E2A4F1FC90A2}.Debug|Any CPU.ActiveCfg = Debug|Any CPU
		{441D5194-0250-4C3E-AC23-E2A4F1FC90A2}.Debug|Any CPU.Build.0 = Debug|Any CPU
		{441D5194-0250-4C3E-AC23-E2A4F1FC90A2}.Debug|x64.ActiveCfg = Debug|Any CPU
		{441D5194-0250-4C3E-AC23-E2A4F1FC90A2}.Debug|x64.Build.0 = Debug|Any CPU
		{441D5194-0250-4C3E-AC23-E2A4F1FC90A2}.Debug|x86.ActiveCfg = Debug|Any CPU
		{441D5194-0250-4C3E-AC23-E2A4F1FC90A2}.Debug|x86.Build.0 = Debug|Any CPU
		{441D5194-0250-4C3E-AC23-E2A4F1FC90A2}.Release|Any CPU.ActiveCfg = Release|Any CPU
		{441D5194-0250-4C3E-AC23-E2A4F1FC90A2}.Release|Any CPU.Build.0 = Release|Any CPU
		{441D5194-0250-4C3E-AC23-E2A4F1FC90A2}.Release|x64.ActiveCfg = Release|Any CPU
		{441D5194-0250-4C3E-AC23-E2A4F1FC90A2}.Release|x64.Build.0 = Release|Any CPU
		{441D5194-0250-4C3E-AC23-E2A4F1FC90A2}.Release|x86.ActiveCfg = Release|Any CPU
		{441D5194-0250-4C3E-AC23-E2A4F1FC90A2}.Release|x86.Build.0 = Release|Any CPU
		{9C4738FB-6BF6-4F47-B11B-941DEC593FE3}.Debug|Any CPU.ActiveCfg = Debug|Any CPU
		{9C4738FB-6BF6-4F47-B11B-941DEC593FE3}.Debug|Any CPU.Build.0 = Debug|Any CPU
		{9C4738FB-6BF6-4F47-B11B-941DEC593FE3}.Debug|x64.ActiveCfg = Debug|Any CPU
		{9C4738FB-6BF6-4F47-B11B-941DEC593FE3}.Debug|x64.Build.0 = Debug|Any CPU
		{9C4738FB-6BF6-4F47-B11B-941DEC593FE3}.Debug|x86.ActiveCfg = Debug|Any CPU
		{9C4738FB-6BF6-4F47-B11B-941DEC593FE3}.Debug|x86.Build.0 = Debug|Any CPU
		{9C4738FB-6BF6-4F47-B11B-941DEC593FE3}.Release|Any CPU.ActiveCfg = Release|Any CPU
		{9C4738FB-6BF6-4F47-B11B-941DEC593FE3}.Release|Any CPU.Build.0 = Release|Any CPU
		{9C4738FB-6BF6-4F47-B11B-941DEC593FE3}.Release|x64.ActiveCfg = Release|Any CPU
		{9C4738FB-6BF6-4F47-B11B-941DEC593FE3}.Release|x64.Build.0 = Release|Any CPU
		{9C4738FB-6BF6-4F47-B11B-941DEC593FE3}.Release|x86.ActiveCfg = Release|Any CPU
		{9C4738FB-6BF6-4F47-B11B-941DEC593FE3}.Release|x86.Build.0 = Release|Any CPU
		{F284C9BB-393A-4999-A087-CD8CF8536F24}.Debug|Any CPU.ActiveCfg = Debug|Any CPU
		{F284C9BB-393A-4999-A087-CD8CF8536F24}.Debug|Any CPU.Build.0 = Debug|Any CPU
		{F284C9BB-393A-4999-A087-CD8CF8536F24}.Debug|x64.ActiveCfg = Debug|Any CPU
		{F284C9BB-393A-4999-A087-CD8CF8536F24}.Debug|x64.Build.0 = Debug|Any CPU
		{F284C9BB-393A-4999-A087-CD8CF8536F24}.Debug|x86.ActiveCfg = Debug|Any CPU
		{F284C9BB-393A-4999-A087-CD8CF8536F24}.Debug|x86.Build.0 = Debug|Any CPU
		{F284C9BB-393A-4999-A087-CD8CF8536F24}.Release|Any CPU.ActiveCfg = Release|Any CPU
		{F284C9BB-393A-4999-A087-CD8CF8536F24}.Release|Any CPU.Build.0 = Release|Any CPU
		{F284C9BB-393A-4999-A087-CD8CF8536F24}.Release|x64.ActiveCfg = Release|Any CPU
		{F284C9BB-393A-4999-A087-CD8CF8536F24}.Release|x64.Build.0 = Release|Any CPU
		{F284C9BB-393A-4999-A087-CD8CF8536F24}.Release|x86.ActiveCfg = Release|Any CPU
		{F284C9BB-393A-4999-A087-CD8CF8536F24}.Release|x86.Build.0 = Release|Any CPU
		{C17E1C4A-8D6F-45DB-85B4-A5261C0C23AA}.Debug|Any CPU.ActiveCfg = Debug|Any CPU
		{C17E1C4A-8D6F-45DB-85B4-A5261C0C23AA}.Debug|Any CPU.Build.0 = Debug|Any CPU
		{C17E1C4A-8D6F-45DB-85B4-A5261C0C23AA}.Debug|x64.ActiveCfg = Debug|Any CPU
		{C17E1C4A-8D6F-45DB-85B4-A5261C0C23AA}.Debug|x64.Build.0 = Debug|Any CPU
		{C17E1C4A-8D6F-45DB-85B4-A5261C0C23AA}.Debug|x86.ActiveCfg = Debug|Any CPU
		{C17E1C4A-8D6F-45DB-85B4-A5261C0C23AA}.Debug|x86.Build.0 = Debug|Any CPU
		{C17E1C4A-8D6F-45DB-85B4-A5261C0C23AA}.Release|Any CPU.ActiveCfg = Release|Any CPU
		{C17E1C4A-8D6F-45DB-85B4-A5261C0C23AA}.Release|Any CPU.Build.0 = Release|Any CPU
		{C17E1C4A-8D6F-45DB-85B4-A5261C0C23AA}.Release|x64.ActiveCfg = Release|Any CPU
		{C17E1C4A-8D6F-45DB-85B4-A5261C0C23AA}.Release|x64.Build.0 = Release|Any CPU
		{C17E1C4A-8D6F-45DB-85B4-A5261C0C23AA}.Release|x86.ActiveCfg = Release|Any CPU
		{C17E1C4A-8D6F-45DB-85B4-A5261C0C23AA}.Release|x86.Build.0 = Release|Any CPU
		{A4507F6A-9401-43A0-B837-FFBA18BA8771}.Debug|Any CPU.ActiveCfg = Debug|Any CPU
		{A4507F6A-9401-43A0-B837-FFBA18BA8771}.Debug|Any CPU.Build.0 = Debug|Any CPU
		{A4507F6A-9401-43A0-B837-FFBA18BA8771}.Debug|x64.ActiveCfg = Debug|Any CPU
		{A4507F6A-9401-43A0-B837-FFBA18BA8771}.Debug|x64.Build.0 = Debug|Any CPU
		{A4507F6A-9401-43A0-B837-FFBA18BA8771}.Debug|x86.ActiveCfg = Debug|Any CPU
		{A4507F6A-9401-43A0-B837-FFBA18BA8771}.Debug|x86.Build.0 = Debug|Any CPU
		{A4507F6A-9401-43A0-B837-FFBA18BA8771}.Release|Any CPU.ActiveCfg = Release|Any CPU
		{A4507F6A-9401-43A0-B837-FFBA18BA8771}.Release|Any CPU.Build.0 = Release|Any CPU
		{A4507F6A-9401-43A0-B837-FFBA18BA8771}.Release|x64.ActiveCfg = Release|Any CPU
		{A4507F6A-9401-43A0-B837-FFBA18BA8771}.Release|x64.Build.0 = Release|Any CPU
		{A4507F6A-9401-43A0-B837-FFBA18BA8771}.Release|x86.ActiveCfg = Release|Any CPU
		{A4507F6A-9401-43A0-B837-FFBA18BA8771}.Release|x86.Build.0 = Release|Any CPU
		{4B9D24B1-ADA0-4E57-A496-67E22FA79CB4}.Debug|Any CPU.ActiveCfg = Debug|Any CPU
		{4B9D24B1-ADA0-4E57-A496-67E22FA79CB4}.Debug|Any CPU.Build.0 = Debug|Any CPU
		{4B9D24B1-ADA0-4E57-A496-67E22FA79CB4}.Debug|x64.ActiveCfg = Debug|x64
		{4B9D24B1-ADA0-4E57-A496-67E22FA79CB4}.Debug|x64.Build.0 = Debug|x64
		{4B9D24B1-ADA0-4E57-A496-67E22FA79CB4}.Debug|x86.ActiveCfg = Debug|Any CPU
		{4B9D24B1-ADA0-4E57-A496-67E22FA79CB4}.Debug|x86.Build.0 = Debug|Any CPU
		{4B9D24B1-ADA0-4E57-A496-67E22FA79CB4}.Release|Any CPU.ActiveCfg = Release|Any CPU
		{4B9D24B1-ADA0-4E57-A496-67E22FA79CB4}.Release|Any CPU.Build.0 = Release|Any CPU
		{4B9D24B1-ADA0-4E57-A496-67E22FA79CB4}.Release|x64.ActiveCfg = Release|x64
		{4B9D24B1-ADA0-4E57-A496-67E22FA79CB4}.Release|x64.Build.0 = Release|x64
		{4B9D24B1-ADA0-4E57-A496-67E22FA79CB4}.Release|x86.ActiveCfg = Release|Any CPU
		{4B9D24B1-ADA0-4E57-A496-67E22FA79CB4}.Release|x86.Build.0 = Release|Any CPU
		{E032602B-63D9-4259-AC90-D04104E9F9F7}.Debug|Any CPU.ActiveCfg = Debug|Any CPU
		{E032602B-63D9-4259-AC90-D04104E9F9F7}.Debug|Any CPU.Build.0 = Debug|Any CPU
		{E032602B-63D9-4259-AC90-D04104E9F9F7}.Debug|x64.ActiveCfg = Debug|Any CPU
		{E032602B-63D9-4259-AC90-D04104E9F9F7}.Debug|x64.Build.0 = Debug|Any CPU
		{E032602B-63D9-4259-AC90-D04104E9F9F7}.Debug|x86.ActiveCfg = Debug|Any CPU
		{E032602B-63D9-4259-AC90-D04104E9F9F7}.Debug|x86.Build.0 = Debug|Any CPU
		{E032602B-63D9-4259-AC90-D04104E9F9F7}.Release|Any CPU.ActiveCfg = Release|Any CPU
		{E032602B-63D9-4259-AC90-D04104E9F9F7}.Release|Any CPU.Build.0 = Release|Any CPU
		{E032602B-63D9-4259-AC90-D04104E9F9F7}.Release|x64.ActiveCfg = Release|Any CPU
		{E032602B-63D9-4259-AC90-D04104E9F9F7}.Release|x64.Build.0 = Release|Any CPU
		{E032602B-63D9-4259-AC90-D04104E9F9F7}.Release|x86.ActiveCfg = Release|Any CPU
		{E032602B-63D9-4259-AC90-D04104E9F9F7}.Release|x86.Build.0 = Release|Any CPU
		{302F8518-E22A-44E1-80AB-04E6E4DE0D89}.Debug|Any CPU.ActiveCfg = Debug|Any CPU
		{302F8518-E22A-44E1-80AB-04E6E4DE0D89}.Debug|Any CPU.Build.0 = Debug|Any CPU
		{302F8518-E22A-44E1-80AB-04E6E4DE0D89}.Debug|x64.ActiveCfg = Debug|Any CPU
		{302F8518-E22A-44E1-80AB-04E6E4DE0D89}.Debug|x64.Build.0 = Debug|Any CPU
		{302F8518-E22A-44E1-80AB-04E6E4DE0D89}.Debug|x86.ActiveCfg = Debug|Any CPU
		{302F8518-E22A-44E1-80AB-04E6E4DE0D89}.Debug|x86.Build.0 = Debug|Any CPU
		{302F8518-E22A-44E1-80AB-04E6E4DE0D89}.Release|Any CPU.ActiveCfg = Release|Any CPU
		{302F8518-E22A-44E1-80AB-04E6E4DE0D89}.Release|Any CPU.Build.0 = Release|Any CPU
		{302F8518-E22A-44E1-80AB-04E6E4DE0D89}.Release|x64.ActiveCfg = Release|Any CPU
		{302F8518-E22A-44E1-80AB-04E6E4DE0D89}.Release|x64.Build.0 = Release|Any CPU
		{302F8518-E22A-44E1-80AB-04E6E4DE0D89}.Release|x86.ActiveCfg = Release|Any CPU
		{302F8518-E22A-44E1-80AB-04E6E4DE0D89}.Release|x86.Build.0 = Release|Any CPU
		{748CF02E-7639-45E2-BB69-EC3819345FAE}.Debug|Any CPU.ActiveCfg = Debug|Any CPU
		{748CF02E-7639-45E2-BB69-EC3819345FAE}.Debug|Any CPU.Build.0 = Debug|Any CPU
		{748CF02E-7639-45E2-BB69-EC3819345FAE}.Debug|x64.ActiveCfg = Debug|Any CPU
		{748CF02E-7639-45E2-BB69-EC3819345FAE}.Debug|x64.Build.0 = Debug|Any CPU
		{748CF02E-7639-45E2-BB69-EC3819345FAE}.Debug|x86.ActiveCfg = Debug|Any CPU
		{748CF02E-7639-45E2-BB69-EC3819345FAE}.Debug|x86.Build.0 = Debug|Any CPU
		{748CF02E-7639-45E2-BB69-EC3819345FAE}.Release|Any CPU.ActiveCfg = Release|Any CPU
		{748CF02E-7639-45E2-BB69-EC3819345FAE}.Release|Any CPU.Build.0 = Release|Any CPU
		{748CF02E-7639-45E2-BB69-EC3819345FAE}.Release|x64.ActiveCfg = Release|Any CPU
		{748CF02E-7639-45E2-BB69-EC3819345FAE}.Release|x64.Build.0 = Release|Any CPU
		{748CF02E-7639-45E2-BB69-EC3819345FAE}.Release|x86.ActiveCfg = Release|Any CPU
		{748CF02E-7639-45E2-BB69-EC3819345FAE}.Release|x86.Build.0 = Release|Any CPU
		{9E813138-F58A-4B6C-85D0-42FACE2F79E4}.Debug|Any CPU.ActiveCfg = Debug|Any CPU
		{9E813138-F58A-4B6C-85D0-42FACE2F79E4}.Debug|Any CPU.Build.0 = Debug|Any CPU
		{9E813138-F58A-4B6C-85D0-42FACE2F79E4}.Debug|x64.ActiveCfg = Debug|Any CPU
		{9E813138-F58A-4B6C-85D0-42FACE2F79E4}.Debug|x64.Build.0 = Debug|Any CPU
		{9E813138-F58A-4B6C-85D0-42FACE2F79E4}.Debug|x86.ActiveCfg = Debug|Any CPU
		{9E813138-F58A-4B6C-85D0-42FACE2F79E4}.Debug|x86.Build.0 = Debug|Any CPU
		{9E813138-F58A-4B6C-85D0-42FACE2F79E4}.Release|Any CPU.ActiveCfg = Release|Any CPU
		{9E813138-F58A-4B6C-85D0-42FACE2F79E4}.Release|Any CPU.Build.0 = Release|Any CPU
		{9E813138-F58A-4B6C-85D0-42FACE2F79E4}.Release|x64.ActiveCfg = Release|Any CPU
		{9E813138-F58A-4B6C-85D0-42FACE2F79E4}.Release|x64.Build.0 = Release|Any CPU
		{9E813138-F58A-4B6C-85D0-42FACE2F79E4}.Release|x86.ActiveCfg = Release|Any CPU
		{9E813138-F58A-4B6C-85D0-42FACE2F79E4}.Release|x86.Build.0 = Release|Any CPU
		{E1A387DE-CE6B-41D9-9A14-79E38F06D7D7}.Debug|Any CPU.ActiveCfg = Debug|Any CPU
		{E1A387DE-CE6B-41D9-9A14-79E38F06D7D7}.Debug|Any CPU.Build.0 = Debug|Any CPU
		{E1A387DE-CE6B-41D9-9A14-79E38F06D7D7}.Debug|x64.ActiveCfg = Debug|Any CPU
		{E1A387DE-CE6B-41D9-9A14-79E38F06D7D7}.Debug|x64.Build.0 = Debug|Any CPU
		{E1A387DE-CE6B-41D9-9A14-79E38F06D7D7}.Debug|x86.ActiveCfg = Debug|Any CPU
		{E1A387DE-CE6B-41D9-9A14-79E38F06D7D7}.Debug|x86.Build.0 = Debug|Any CPU
		{E1A387DE-CE6B-41D9-9A14-79E38F06D7D7}.Release|Any CPU.ActiveCfg = Release|Any CPU
		{E1A387DE-CE6B-41D9-9A14-79E38F06D7D7}.Release|Any CPU.Build.0 = Release|Any CPU
		{E1A387DE-CE6B-41D9-9A14-79E38F06D7D7}.Release|x64.ActiveCfg = Release|Any CPU
		{E1A387DE-CE6B-41D9-9A14-79E38F06D7D7}.Release|x64.Build.0 = Release|Any CPU
		{E1A387DE-CE6B-41D9-9A14-79E38F06D7D7}.Release|x86.ActiveCfg = Release|Any CPU
		{E1A387DE-CE6B-41D9-9A14-79E38F06D7D7}.Release|x86.Build.0 = Release|Any CPU
		{EF46FE8C-0F9C-4132-8BD3-5DC5EEC9BE98}.Debug|Any CPU.ActiveCfg = Debug|Any CPU
		{EF46FE8C-0F9C-4132-8BD3-5DC5EEC9BE98}.Debug|Any CPU.Build.0 = Debug|Any CPU
		{EF46FE8C-0F9C-4132-8BD3-5DC5EEC9BE98}.Debug|x64.ActiveCfg = Debug|Any CPU
		{EF46FE8C-0F9C-4132-8BD3-5DC5EEC9BE98}.Debug|x64.Build.0 = Debug|Any CPU
		{EF46FE8C-0F9C-4132-8BD3-5DC5EEC9BE98}.Debug|x86.ActiveCfg = Debug|Any CPU
		{EF46FE8C-0F9C-4132-8BD3-5DC5EEC9BE98}.Debug|x86.Build.0 = Debug|Any CPU
		{EF46FE8C-0F9C-4132-8BD3-5DC5EEC9BE98}.Release|Any CPU.ActiveCfg = Release|Any CPU
		{EF46FE8C-0F9C-4132-8BD3-5DC5EEC9BE98}.Release|Any CPU.Build.0 = Release|Any CPU
		{EF46FE8C-0F9C-4132-8BD3-5DC5EEC9BE98}.Release|x64.ActiveCfg = Release|Any CPU
		{EF46FE8C-0F9C-4132-8BD3-5DC5EEC9BE98}.Release|x64.Build.0 = Release|Any CPU
		{EF46FE8C-0F9C-4132-8BD3-5DC5EEC9BE98}.Release|x86.ActiveCfg = Release|Any CPU
		{EF46FE8C-0F9C-4132-8BD3-5DC5EEC9BE98}.Release|x86.Build.0 = Release|Any CPU
		{56E1D0D1-BB1B-4483-8EF3-7D8BCF173D46}.Debug|Any CPU.ActiveCfg = Debug|Any CPU
		{56E1D0D1-BB1B-4483-8EF3-7D8BCF173D46}.Debug|Any CPU.Build.0 = Debug|Any CPU
		{56E1D0D1-BB1B-4483-8EF3-7D8BCF173D46}.Debug|x64.ActiveCfg = Debug|Any CPU
		{56E1D0D1-BB1B-4483-8EF3-7D8BCF173D46}.Debug|x64.Build.0 = Debug|Any CPU
		{56E1D0D1-BB1B-4483-8EF3-7D8BCF173D46}.Debug|x86.ActiveCfg = Debug|Any CPU
		{56E1D0D1-BB1B-4483-8EF3-7D8BCF173D46}.Debug|x86.Build.0 = Debug|Any CPU
		{56E1D0D1-BB1B-4483-8EF3-7D8BCF173D46}.Release|Any CPU.ActiveCfg = Release|Any CPU
		{56E1D0D1-BB1B-4483-8EF3-7D8BCF173D46}.Release|Any CPU.Build.0 = Release|Any CPU
		{56E1D0D1-BB1B-4483-8EF3-7D8BCF173D46}.Release|x64.ActiveCfg = Release|Any CPU
		{56E1D0D1-BB1B-4483-8EF3-7D8BCF173D46}.Release|x64.Build.0 = Release|Any CPU
		{56E1D0D1-BB1B-4483-8EF3-7D8BCF173D46}.Release|x86.ActiveCfg = Release|Any CPU
		{56E1D0D1-BB1B-4483-8EF3-7D8BCF173D46}.Release|x86.Build.0 = Release|Any CPU
		{B9F5D4FC-EBC6-4C53-BD3F-3DD31E70598E}.Debug|Any CPU.ActiveCfg = Debug|Any CPU
		{B9F5D4FC-EBC6-4C53-BD3F-3DD31E70598E}.Debug|Any CPU.Build.0 = Debug|Any CPU
		{B9F5D4FC-EBC6-4C53-BD3F-3DD31E70598E}.Debug|x64.ActiveCfg = Debug|Any CPU
		{B9F5D4FC-EBC6-4C53-BD3F-3DD31E70598E}.Debug|x64.Build.0 = Debug|Any CPU
		{B9F5D4FC-EBC6-4C53-BD3F-3DD31E70598E}.Debug|x86.ActiveCfg = Debug|Any CPU
		{B9F5D4FC-EBC6-4C53-BD3F-3DD31E70598E}.Debug|x86.Build.0 = Debug|Any CPU
		{B9F5D4FC-EBC6-4C53-BD3F-3DD31E70598E}.Release|Any CPU.ActiveCfg = Release|Any CPU
		{B9F5D4FC-EBC6-4C53-BD3F-3DD31E70598E}.Release|Any CPU.Build.0 = Release|Any CPU
		{B9F5D4FC-EBC6-4C53-BD3F-3DD31E70598E}.Release|x64.ActiveCfg = Release|Any CPU
		{B9F5D4FC-EBC6-4C53-BD3F-3DD31E70598E}.Release|x64.Build.0 = Release|Any CPU
		{B9F5D4FC-EBC6-4C53-BD3F-3DD31E70598E}.Release|x86.ActiveCfg = Release|Any CPU
		{B9F5D4FC-EBC6-4C53-BD3F-3DD31E70598E}.Release|x86.Build.0 = Release|Any CPU
	EndGlobalSection
	GlobalSection(SolutionProperties) = preSolution
		HideSolutionNode = FALSE
	EndGlobalSection
	GlobalSection(NestedProjects) = preSolution
		{4AEF3478-0778-427F-8956-B76AC5B6F285} = {E68F525A-78C0-4E01-8804-27AD48237535}
		{E68F525A-78C0-4E01-8804-27AD48237535} = {5C20AB26-53FF-4110-A3E8-97CA437F0F57}
		{F2FECAA5-433A-42AE-BAA1-4390B8D3CDD2} = {E68F525A-78C0-4E01-8804-27AD48237535}
		{1CB67EF8-6CEE-4A7F-AE3C-A18D7A9CEBFF} = {E68F525A-78C0-4E01-8804-27AD48237535}
		{5B665D57-337F-441B-B0C7-A0255A685C40} = {5C20AB26-53FF-4110-A3E8-97CA437F0F57}
		{E729FECD-03A3-4979-9C86-393A4865F3D9} = {5B665D57-337F-441B-B0C7-A0255A685C40}
		{94409610-7CB8-42A6-AC17-3BB42B1BA6AA} = {5B665D57-337F-441B-B0C7-A0255A685C40}
		{7523FE85-294C-451A-B346-EBB9D6689946} = {5B665D57-337F-441B-B0C7-A0255A685C40}
		{C4BFBB00-2B73-413F-9AB5-ED6BFDA2ED47} = {5C20AB26-53FF-4110-A3E8-97CA437F0F57}
		{3BB06F16-52DF-4053-8F71-41D892421804} = {C4BFBB00-2B73-413F-9AB5-ED6BFDA2ED47}
		{B3B62778-6355-41E2-B97F-A1B753814370} = {EB6CD0AB-87A2-4778-BE46-DD78C190ECC5}
		{83504D00-298D-4428-A971-883A6513D558} = {B3B62778-6355-41E2-B97F-A1B753814370}
		{A0507D75-B05B-4605-97C1-482008326C3A} = {5C20AB26-53FF-4110-A3E8-97CA437F0F57}
		{F7C26D29-AFFC-41B8-B3D4-8C61FCBAA24D} = {A0507D75-B05B-4605-97C1-482008326C3A}
		{49CBC98C-8746-480F-A37A-C562BE0CB219} = {A0507D75-B05B-4605-97C1-482008326C3A}
		{0457D405-CF37-4CDE-949D-BF3EE49C2564} = {A0507D75-B05B-4605-97C1-482008326C3A}
		{E87D77AC-A5CD-40B8-B487-070A16AEA9A6} = {A0507D75-B05B-4605-97C1-482008326C3A}
		{D42E3212-D99D-4C4A-8615-ACC6B168F25B} = {A0507D75-B05B-4605-97C1-482008326C3A}
		{BAAA541B-307C-427C-98E1-D81FAB2757BD} = {A0507D75-B05B-4605-97C1-482008326C3A}
		{CBBF3659-6A40-438A-BB5D-DA7E60D37870} = {A0507D75-B05B-4605-97C1-482008326C3A}
		{B36D5DDE-FF9B-47D5-ABB2-816AE10AEC5E} = {A0507D75-B05B-4605-97C1-482008326C3A}
		{0653541C-E153-49DE-A2E9-7E7A83C7E3EA} = {B36D5DDE-FF9B-47D5-ABB2-816AE10AEC5E}
		{2BAEB5E6-3587-4E8B-901D-9A6AF8F64B7B} = {B36D5DDE-FF9B-47D5-ABB2-816AE10AEC5E}
		{0F83625C-B43B-454C-A1D4-123B8185BA6C} = {A0507D75-B05B-4605-97C1-482008326C3A}
		{165B9A7E-3A9D-41F7-AECB-627636ECAB6B} = {A0507D75-B05B-4605-97C1-482008326C3A}
		{65CA8818-63EC-4E6A-A3EB-1DF912963C1E} = {A0507D75-B05B-4605-97C1-482008326C3A}
		{6FC014F6-B1A0-434A-B84D-66041463BA86} = {65CA8818-63EC-4E6A-A3EB-1DF912963C1E}
		{A1540DB2-223F-446C-ADAC-5DDF95927A00} = {65CA8818-63EC-4E6A-A3EB-1DF912963C1E}
		{67F3D9AD-5017-4EE5-BCA9-5C4D41D49DC3} = {5C20AB26-53FF-4110-A3E8-97CA437F0F57}
		{12296111-43F9-46D6-9BCF-D453E60021A5} = {67F3D9AD-5017-4EE5-BCA9-5C4D41D49DC3}
		{C13A3B45-9AFF-4E72-980A-5359516A9F25} = {91F051EA-33A0-4C4C-B791-1488B73851BF}
		{1C5491E9-C774-4045-B766-AEFBB01AB2E7} = {C13A3B45-9AFF-4E72-980A-5359516A9F25}
		{BE3DDCAB-1FEB-4F4E-9A04-D3FADD838624} = {C4BFBB00-2B73-413F-9AB5-ED6BFDA2ED47}
		{74C456CD-8614-4DC6-8D33-899720D26C65} = {3F4D0C37-2D2E-43CA-8FEF-6CE30B0620E3}
		{4E48AFF2-09FA-4D27-BDD5-A56E0FDAF85F} = {3F4D0C37-2D2E-43CA-8FEF-6CE30B0620E3}
		{917D19DE-2C2D-466C-A6F0-CFF029AE072B} = {5C20AB26-53FF-4110-A3E8-97CA437F0F57}
		{3FD8D305-C496-44E2-BC5B-01EFA4EFE07C} = {917D19DE-2C2D-466C-A6F0-CFF029AE072B}
		{046E6172-2DB6-472B-A6A9-3A6C1518A126} = {EC73310F-2767-4C01-AECD-25C58CF53767}
		{CC328FED-CA10-45DC-BE1B-8185CB0FE758} = {5C20AB26-53FF-4110-A3E8-97CA437F0F57}
		{441D5194-0250-4C3E-AC23-E2A4F1FC90A2} = {EC73310F-2767-4C01-AECD-25C58CF53767}
		{9C4738FB-6BF6-4F47-B11B-941DEC593FE3} = {EC73310F-2767-4C01-AECD-25C58CF53767}
		{F284C9BB-393A-4999-A087-CD8CF8536F24} = {A635CB05-0E38-49E2-A606-78CEF34683AD}
		{C17E1C4A-8D6F-45DB-85B4-A5261C0C23AA} = {A635CB05-0E38-49E2-A606-78CEF34683AD}
		{A4507F6A-9401-43A0-B837-FFBA18BA8771} = {A635CB05-0E38-49E2-A606-78CEF34683AD}
		{4B9D24B1-ADA0-4E57-A496-67E22FA79CB4} = {16710C55-B2B5-4025-97EA-E99BCB5DE068}
		{16710C55-B2B5-4025-97EA-E99BCB5DE068} = {5C20AB26-53FF-4110-A3E8-97CA437F0F57}
		{E032602B-63D9-4259-AC90-D04104E9F9F7} = {16710C55-B2B5-4025-97EA-E99BCB5DE068}
		{302F8518-E22A-44E1-80AB-04E6E4DE0D89} = {16710C55-B2B5-4025-97EA-E99BCB5DE068}
		{748CF02E-7639-45E2-BB69-EC3819345FAE} = {A0507D75-B05B-4605-97C1-482008326C3A}
		{9E813138-F58A-4B6C-85D0-42FACE2F79E4} = {A0507D75-B05B-4605-97C1-482008326C3A}
		{E1A387DE-CE6B-41D9-9A14-79E38F06D7D7} = {C4BFBB00-2B73-413F-9AB5-ED6BFDA2ED47}
		{EF46FE8C-0F9C-4132-8BD3-5DC5EEC9BE98} = {0F1BCA28-12CA-42F9-9EBF-263089D02617}
		{56E1D0D1-BB1B-4483-8EF3-7D8BCF173D46} = {0F1BCA28-12CA-42F9-9EBF-263089D02617}
		{B9F5D4FC-EBC6-4C53-BD3F-3DD31E70598E} = {0F1BCA28-12CA-42F9-9EBF-263089D02617}
	EndGlobalSection
EndGlobal
